
Microsoft Visual Studio Solution File, Format Version 12.00
# Visual Studio 2013
VisualStudioVersion = 12.0.21005.1
MinimumVisualStudioVersion = 10.0.40219.1
Project("{FAE04EC0-301F-11D3-BF4B-00C04F79EFBC}") = "UnitTestProject1", "UnitTestProject1\UnitTestProject1.csproj", "{AF7FD5FF-00B7-4F1C-A773-9A5F60F83B02}"
EndProject
Project("{FAE04EC0-301F-11D3-BF4B-00C04F79EFBC}") = "WpfCalculator", "WpfCalculator\WpfCalculator.csproj", "{5AE4E415-D64B-4A7D-B2D1-7122679E327E}"
EndProject
Project("{FAE04EC0-301F-11D3-BF4B-00C04F79EFBC}") = "TetrisWpf", "TetrisWpf\TetrisWpf.csproj", "{269FAED5-4508-45FE-B912-22C1EA04924C}"
EndProject
Global
	GlobalSection(SolutionConfigurationPlatforms) = preSolution
		Debug|Any CPU = Debug|Any CPU
		Release|Any CPU = Release|Any CPU
	EndGlobalSection
	GlobalSection(ProjectConfigurationPlatforms) = postSolution
		{AF7FD5FF-00B7-4F1C-A773-9A5F60F83B02}.Debug|Any CPU.ActiveCfg = Debug|Any CPU
		{AF7FD5FF-00B7-4F1C-A773-9A5F60F83B02}.Debug|Any CPU.Build.0 = Debug|Any CPU
		{AF7FD5FF-00B7-4F1C-A773-9A5F60F83B02}.Release|Any CPU.ActiveCfg = Release|Any CPU
		{AF7FD5FF-00B7-4F1C-A773-9A5F60F83B02}.Release|Any CPU.Build.0 = Release|Any CPU
		{5AE4E415-D64B-4A7D-B2D1-7122679E327E}.Debug|Any CPU.ActiveCfg = Debug|Any CPU
		{5AE4E415-D64B-4A7D-B2D1-7122679E327E}.Debug|Any CPU.Build.0 = Debug|Any CPU
		{5AE4E415-D64B-4A7D-B2D1-7122679E327E}.Release|Any CPU.ActiveCfg = Release|Any CPU
		{5AE4E415-D64B-4A7D-B2D1-7122679E327E}.Release|Any CPU.Build.0 = Release|Any CPU
		{269FAED5-4508-45FE-B912-22C1EA04924C}.Debug|Any CPU.ActiveCfg = Debug|Any CPU
		{269FAED5-4508-45FE-B912-22C1EA04924C}.Debug|Any CPU.Build.0 = Debug|Any CPU
		{269FAED5-4508-45FE-B912-22C1EA04924C}.Release|Any CPU.ActiveCfg = Release|Any CPU
		{269FAED5-4508-45FE-B912-22C1EA04924C}.Release|Any CPU.Build.0 = Release|Any CPU
	EndGlobalSection
	GlobalSection(SolutionProperties) = preSolution
		HideSolutionNode = FALSE
	EndGlobalSection
EndGlobal
